
Microsoft Visual Studio Solution File, Format Version 12.00
# Visual Studio Version 16
VisualStudioVersion = 16.0.30011.22
MinimumVisualStudioVersion = 10.0.40219.1
Project("{9A19103F-16F7-4668-BE54-9A1E7A4F7556}") = "VvSdHCore", "VvSdHCore\VvSdHCore.csproj", "{B08D8921-57AC-4FD3-96E3-D04CBF199812}"
EndProject
Project("{9A19103F-16F7-4668-BE54-9A1E7A4F7556}") = "Core", "Core\Core.csproj", "{15CBD25C-E906-48E5-B6FE-15C6BD2CDA24}"
EndProject
Project("{9A19103F-16F7-4668-BE54-9A1E7A4F7556}") = "ApplicationShared", "ApplicationShared\ApplicationShared.csproj", "{18BD27B4-D48D-465E-8B1F-EDBB31966DE4}"
EndProject
Project("{9A19103F-16F7-4668-BE54-9A1E7A4F7556}") = "Application", "Application\Application.csproj", "{88AE0412-02AE-436B-B3B5-C5C8273811CC}"
EndProject
Project("{9A19103F-16F7-4668-BE54-9A1E7A4F7556}") = "AvaloniaUI", "AvaloniaUI\AvaloniaUI.csproj", "{9BE243C4-37C4-4FB5-BA4C-51F69553B59B}"
EndProject
Project("{9A19103F-16F7-4668-BE54-9A1E7A4F7556}") = "Tests", "Tests\Tests.csproj", "{A4898DB7-134F-49ED-A6E1-30492A2984E1}"
EndProject
Project("{9A19103F-16F7-4668-BE54-9A1E7A4F7556}") = "WPFGUI", "WPFGUI\WPFGUI.csproj", "{9189D39E-CA04-4C73-907D-A5033D549579}"
EndProject
Global
	GlobalSection(SolutionConfigurationPlatforms) = preSolution
		Debug|Any CPU = Debug|Any CPU
		Release|Any CPU = Release|Any CPU
	EndGlobalSection
	GlobalSection(ProjectConfigurationPlatforms) = postSolution
		{B08D8921-57AC-4FD3-96E3-D04CBF199812}.Debug|Any CPU.ActiveCfg = Debug|Any CPU
		{B08D8921-57AC-4FD3-96E3-D04CBF199812}.Debug|Any CPU.Build.0 = Debug|Any CPU
		{B08D8921-57AC-4FD3-96E3-D04CBF199812}.Release|Any CPU.ActiveCfg = Release|Any CPU
		{B08D8921-57AC-4FD3-96E3-D04CBF199812}.Release|Any CPU.Build.0 = Release|Any CPU
		{15CBD25C-E906-48E5-B6FE-15C6BD2CDA24}.Debug|Any CPU.ActiveCfg = Debug|Any CPU
		{15CBD25C-E906-48E5-B6FE-15C6BD2CDA24}.Debug|Any CPU.Build.0 = Debug|Any CPU
		{15CBD25C-E906-48E5-B6FE-15C6BD2CDA24}.Release|Any CPU.ActiveCfg = Release|Any CPU
		{15CBD25C-E906-48E5-B6FE-15C6BD2CDA24}.Release|Any CPU.Build.0 = Release|Any CPU
		{18BD27B4-D48D-465E-8B1F-EDBB31966DE4}.Debug|Any CPU.ActiveCfg = Debug|Any CPU
		{18BD27B4-D48D-465E-8B1F-EDBB31966DE4}.Debug|Any CPU.Build.0 = Debug|Any CPU
		{18BD27B4-D48D-465E-8B1F-EDBB31966DE4}.Release|Any CPU.ActiveCfg = Release|Any CPU
		{18BD27B4-D48D-465E-8B1F-EDBB31966DE4}.Release|Any CPU.Build.0 = Release|Any CPU
		{88AE0412-02AE-436B-B3B5-C5C8273811CC}.Debug|Any CPU.ActiveCfg = Debug|Any CPU
		{88AE0412-02AE-436B-B3B5-C5C8273811CC}.Debug|Any CPU.Build.0 = Debug|Any CPU
		{88AE0412-02AE-436B-B3B5-C5C8273811CC}.Release|Any CPU.ActiveCfg = Release|Any CPU
		{88AE0412-02AE-436B-B3B5-C5C8273811CC}.Release|Any CPU.Build.0 = Release|Any CPU
		{9BE243C4-37C4-4FB5-BA4C-51F69553B59B}.Debug|Any CPU.ActiveCfg = Debug|Any CPU
		{9BE243C4-37C4-4FB5-BA4C-51F69553B59B}.Debug|Any CPU.Build.0 = Debug|Any CPU
		{9BE243C4-37C4-4FB5-BA4C-51F69553B59B}.Release|Any CPU.ActiveCfg = Release|Any CPU
		{9BE243C4-37C4-4FB5-BA4C-51F69553B59B}.Release|Any CPU.Build.0 = Release|Any CPU
		{A4898DB7-134F-49ED-A6E1-30492A2984E1}.Debug|Any CPU.ActiveCfg = Debug|Any CPU
		{A4898DB7-134F-49ED-A6E1-30492A2984E1}.Debug|Any CPU.Build.0 = Debug|Any CPU
		{A4898DB7-134F-49ED-A6E1-30492A2984E1}.Release|Any CPU.ActiveCfg = Release|Any CPU
		{A4898DB7-134F-49ED-A6E1-30492A2984E1}.Release|Any CPU.Build.0 = Release|Any CPU
		{9189D39E-CA04-4C73-907D-A5033D549579}.Debug|Any CPU.ActiveCfg = Debug|Any CPU
		{9189D39E-CA04-4C73-907D-A5033D549579}.Debug|Any CPU.Build.0 = Debug|Any CPU
		{9189D39E-CA04-4C73-907D-A5033D549579}.Release|Any CPU.ActiveCfg = Release|Any CPU
		{9189D39E-CA04-4C73-907D-A5033D549579}.Release|Any CPU.Build.0 = Release|Any CPU
	EndGlobalSection
	GlobalSection(SolutionProperties) = preSolution
		HideSolutionNode = FALSE
	EndGlobalSection
	GlobalSection(ExtensibilityGlobals) = postSolution
		SolutionGuid = {1FA57FFD-D584-40E3-BE50-ECC6F676B084}
	EndGlobalSection
EndGlobal
