
Microsoft Visual Studio Solution File, Format Version 12.00
Project("{FAE04EC0-301F-11D3-BF4B-00C04F79EFBC}") = "VvSdHCore", "VvSdHCore\VvSdHCore.csproj", "{B08D8921-57AC-4FD3-96E3-D04CBF199812}"
EndProject
Project("{FAE04EC0-301F-11D3-BF4B-00C04F79EFBC}") = "Core", "Core\Core.csproj", "{15CBD25C-E906-48E5-B6FE-15C6BD2CDA24}"
EndProject
Global
	GlobalSection(SolutionConfigurationPlatforms) = preSolution
		Debug|Any CPU = Debug|Any CPU
		Release|Any CPU = Release|Any CPU
	EndGlobalSection
	GlobalSection(ProjectConfigurationPlatforms) = postSolution
		{B08D8921-57AC-4FD3-96E3-D04CBF199812}.Debug|Any CPU.ActiveCfg = Debug|Any CPU
		{B08D8921-57AC-4FD3-96E3-D04CBF199812}.Debug|Any CPU.Build.0 = Debug|Any CPU
		{B08D8921-57AC-4FD3-96E3-D04CBF199812}.Release|Any CPU.ActiveCfg = Release|Any CPU
		{B08D8921-57AC-4FD3-96E3-D04CBF199812}.Release|Any CPU.Build.0 = Release|Any CPU
		{15CBD25C-E906-48E5-B6FE-15C6BD2CDA24}.Debug|Any CPU.ActiveCfg = Debug|Any CPU
		{15CBD25C-E906-48E5-B6FE-15C6BD2CDA24}.Debug|Any CPU.Build.0 = Debug|Any CPU
		{15CBD25C-E906-48E5-B6FE-15C6BD2CDA24}.Release|Any CPU.ActiveCfg = Release|Any CPU
		{15CBD25C-E906-48E5-B6FE-15C6BD2CDA24}.Release|Any CPU.Build.0 = Release|Any CPU
	EndGlobalSection
EndGlobal
